
Microsoft Visual Studio Solution File, Format Version 12.00
# Visual Studio Version 17
VisualStudioVersion = 17.7.34018.315
MinimumVisualStudioVersion = 10.0.40219.1
Project("{FAE04EC0-301F-11D3-BF4B-00C04F79EFBC}") = "obje002", "obje002\obje002.csproj", "{866D4C3E-5BCD-4610-B333-3248C675D7C9}"
EndProject
Global
	GlobalSection(SolutionConfigurationPlatforms) = preSolution
		Debug|Any CPU = Debug|Any CPU
		Release|Any CPU = Release|Any CPU
	EndGlobalSection
	GlobalSection(ProjectConfigurationPlatforms) = postSolution
		{866D4C3E-5BCD-4610-B333-3248C675D7C9}.Debug|Any CPU.ActiveCfg = Debug|Any CPU
		{866D4C3E-5BCD-4610-B333-3248C675D7C9}.Debug|Any CPU.Build.0 = Debug|Any CPU
		{866D4C3E-5BCD-4610-B333-3248C675D7C9}.Release|Any CPU.ActiveCfg = Release|Any CPU
		{866D4C3E-5BCD-4610-B333-3248C675D7C9}.Release|Any CPU.Build.0 = Release|Any CPU
	EndGlobalSection
	GlobalSection(SolutionProperties) = preSolution
		HideSolutionNode = FALSE
	EndGlobalSection
	GlobalSection(ExtensibilityGlobals) = postSolution
		SolutionGuid = {14529040-548F-407D-ABF3-0FAF7F753250}
	EndGlobalSection
EndGlobal
